# THIS IS AN AUTOGENERATED FILE. DO NOT EDIT THIS FILE DIRECTLY.
# yarn lockfile v1
async.ensureasync@^0.5.2:
  version "0.5.2"
  resolved "https://registry.yarnpkg.com/async.ensureasync/-/async.ensureasync-0.5.2.tgz#c3c7e4a4e9b31d96875d56b8504598446e1e305d"
  dependencies:
    async.util.ensureasync "0.5.2"

async.queue@^0.5.2:
  version "0.5.2"
  resolved "https://registry.yarnpkg.com/async.queue/-/async.queue-0.5.2.tgz#8d5d90812e1481066bc0904e8cc1712b17c3bd7c"
  dependencies:
    async.util.queue "0.5.2"

async.util.arrayeach@0.5.2:
  version "0.5.2"
  resolved "https://registry.yarnpkg.com/async.util.arrayeach/-/async.util.arrayeach-0.5.2.tgz#58c4e98028d55d69bfb05aeb3af44e0a555a829c"

async.util.ensureasync@0.5.2:
  version "0.5.2"
  resolved "https://registry.yarnpkg.com/async.util.ensureasync/-/async.util.ensureasync-0.5.2.tgz#10907f2cbd067a061f99ae6d22e08ced30db0d68"
  dependencies:
    async.util.restparam "0.5.2"
    async.util.setimmediate "0.5.2"

async.util.isarray@0.5.2:
  version "0.5.2"
  resolved "https://registry.yarnpkg.com/async.util.isarray/-/async.util.isarray-0.5.2.tgz#e62dac8f2636f65875dcf7521c2d24d0dfb2bbdf"

async.util.map@0.5.2:
  version "0.5.2"
  resolved "https://registry.yarnpkg.com/async.util.map/-/async.util.map-0.5.2.tgz#e588ef86e0b3ab5f027d97af4d6835d055ca69d6"

async.util.noop@0.5.2:
  version "0.5.2"
  resolved "https://registry.yarnpkg.com/async.util.noop/-/async.util.noop-0.5.2.tgz#bdd62b97cb0aa3f60b586ad148468698975e58b9"

async.util.onlyonce@0.5.2:
  version "0.5.2"
  resolved "https://registry.yarnpkg.com/async.util.onlyonce/-/async.util.onlyonce-0.5.2.tgz#b8e6fc004adc923164d79e32f2813ee465c24ff2"

async.util.queue@0.5.2:
  version "0.5.2"
  resolved "https://registry.yarnpkg.com/async.util.queue/-/async.util.queue-0.5.2.tgz#57f65abe1a3cdf273d31abd28ab95425f8222ee5"
  dependencies:
    async.util.arrayeach "0.5.2"
    async.util.isarray "0.5.2"
    async.util.map "0.5.2"
    async.util.noop "0.5.2"
    async.util.onlyonce "0.5.2"
    async.util.setimmediate "0.5.2"

async.util.restparam@0.5.2:
  version "0.5.2"
  resolved "https://registry.yarnpkg.com/async.util.restparam/-/async.util.restparam-0.5.2.tgz#03efebf3c0277b97220e525aba750f5e04fc80cd"

async.util.setimmediate@0.5.2:
  version "0.5.2"
  resolved "https://registry.yarnpkg.com/async.util.setimmediate/-/async.util.setimmediate-0.5.2.tgz#2812ebabf2a58027758d4bc7793d1ccfaf10255f"

async@~1.0.0:
  version "1.0.0"
  resolved "https://registry.yarnpkg.com/async/-/async-1.0.0.tgz#f8fc04ca3a13784ade9e1641af98578cfbd647a9"

async@2.1.4:
  version "2.1.4"
  resolved "https://registry.yarnpkg.com/async/-/async-2.1.4.tgz#2d2160c7788032e4dd6cbe2502f1f9a2c8f6cde4"
  dependencies:
    lodash "^4.14.0"

bluebird@^3.4.7:
  version "3.4.7"
  resolved "https://registry.yarnpkg.com/bluebird/-/bluebird-3.4.7.tgz#f72d760be09b7f76d08ed8fae98b289a8d05fab3"

bluebird@2.10.2:
  version "2.10.2"
  resolved "https://registry.yarnpkg.com/bluebird/-/bluebird-2.10.2.tgz#024a5517295308857f14f91f1106fc3b555f446b"

bottleneck@^1.12.0:
  version "1.15.0"
  resolved "https://registry.yarnpkg.com/bottleneck/-/bottleneck-1.15.0.tgz#a636f59bc2783d87d5ac7f30ff30a22e440ffbc1"

bson@~1.0.4:
  version "1.0.4"
  resolved "https://registry.yarnpkg.com/bson/-/bson-1.0.4.tgz#93c10d39eaa5b58415cbc4052f3e53e562b0b72c"

buffer-shims@^1.0.0:
  version "1.0.0"
  resolved "https://registry.yarnpkg.com/buffer-shims/-/buffer-shims-1.0.0.tgz#9978ce317388c649ad8793028c3477ef044a8b51"

capture-stack-trace@^1.0.0:
  version "1.0.0"
  resolved "https://registry.yarnpkg.com/capture-stack-trace/-/capture-stack-trace-1.0.0.tgz#4a6fa07399c26bba47f0b2496b4d0fb408c5550d"

colors@1.0.x:
  version "1.0.3"
  resolved "https://registry.yarnpkg.com/colors/-/colors-1.0.3.tgz#0433f44d809680fdeb60ed260f1b0c262e82a40b"

core-util-is@~1.0.0:
  version "1.0.2"
  resolved "https://registry.yarnpkg.com/core-util-is/-/core-util-is-1.0.2.tgz#b5fd54220aa2bc5ab57aab7140c940754503c1a7"

create-error-class@^3.0.0:
  version "3.0.2"
  resolved "https://registry.yarnpkg.com/create-error-class/-/create-error-class-3.0.2.tgz#06be7abef947a3f14a30fd610671d401bca8b7b6"
  dependencies:
    capture-stack-trace "^1.0.0"

cycle@1.0.x:
  version "1.0.3"
  resolved "https://registry.yarnpkg.com/cycle/-/cycle-1.0.3.tgz#21e80b2be8580f98b468f379430662b046c34ad2"

debug@^2.2.0:
  version "2.6.0"
  resolved "https://registry.yarnpkg.com/debug/-/debug-2.6.0.tgz#bc596bcabe7617f11d9fa15361eded5608b8499b"
  dependencies:
    ms "0.7.2"

debug@2.2.0:
  version "2.2.0"
  resolved "https://registry.yarnpkg.com/debug/-/debug-2.2.0.tgz#f87057e995b1a1f6ae6a4960664137bc56f039da"
  dependencies:
    ms "0.7.1"

duplexer3@^0.1.4:
  version "0.1.4"
  resolved "https://registry.yarnpkg.com/duplexer3/-/duplexer3-0.1.4.tgz#ee01dd1cac0ed3cbc7fdbea37dc0a8f1ce002ce2"

es6-promise@3.2.1:
  version "3.2.1"
  resolved "https://registry.yarnpkg.com/es6-promise/-/es6-promise-3.2.1.tgz#ec56233868032909207170c39448e24449dd1fc4"

eyes@0.1.x:
  version "0.1.8"
  resolved "https://registry.yarnpkg.com/eyes/-/eyes-0.1.8.tgz#62cf120234c683785d902348a800ef3e0cc20bc0"

get-stream@^3.0.0:
  version "3.0.0"
  resolved "https://registry.yarnpkg.com/get-stream/-/get-stream-3.0.0.tgz#8e943d1358dc37555054ecbe2edb05aa174ede14"

got@^6.7.1:
  version "6.7.1"
  resolved "https://registry.yarnpkg.com/got/-/got-6.7.1.tgz#240cd05785a9a18e561dc1b44b41c763ef1e8db0"
  dependencies:
    create-error-class "^3.0.0"
    duplexer3 "^0.1.4"
    get-stream "^3.0.0"
    is-redirect "^1.0.0"
    is-retry-allowed "^1.0.0"
    is-stream "^1.0.0"
    lowercase-keys "^1.0.0"
    safe-buffer "^5.0.1"
    timed-out "^4.0.0"
    unzip-response "^2.0.1"
    url-parse-lax "^1.0.0"

hooks-fixed@1.2.0:
  version "1.2.0"
  resolved "https://registry.yarnpkg.com/hooks-fixed/-/hooks-fixed-1.2.0.tgz#0d2772d4d7d685ff9244724a9f0b5b2559aac96b"

inherits@~2.0.1:
  version "2.0.3"
  resolved "https://registry.yarnpkg.com/inherits/-/inherits-2.0.3.tgz#633c2c83e3da42a502f52466022480f4208261de"

is-redirect@^1.0.0:
  version "1.0.0"
  resolved "https://registry.yarnpkg.com/is-redirect/-/is-redirect-1.0.0.tgz#1d03dded53bd8db0f30c26e4f95d36fc7c87dc24"

is-retry-allowed@^1.0.0:
  version "1.1.0"
  resolved "https://registry.yarnpkg.com/is-retry-allowed/-/is-retry-allowed-1.1.0.tgz#11a060568b67339444033d0125a61a20d564fb34"

is-stream@^1.0.0:
  version "1.1.0"
  resolved "https://registry.yarnpkg.com/is-stream/-/is-stream-1.1.0.tgz#12d4a3dd4e68e0b79ceb8dbc84173ae80d91ca44"

isarray@~1.0.0:
  version "1.0.0"
  resolved "https://registry.yarnpkg.com/isarray/-/isarray-1.0.0.tgz#bb935d48582cba168c06834957a54a3e07124f11"

isstream@0.1.x:
  version "0.1.2"
  resolved "https://registry.yarnpkg.com/isstream/-/isstream-0.1.2.tgz#47e63f7af55afa6f92e1500e690eb8b8529c099a"

kareem@1.2.0:
  version "1.2.0"
  resolved "https://registry.yarnpkg.com/kareem/-/kareem-1.2.0.tgz#59851e833feb1ce6cf60000e0c23acf75c8a3547"

lodash.chunk@^4.2.0:
  version "4.2.0"
  resolved "https://registry.yarnpkg.com/lodash.chunk/-/lodash.chunk-4.2.0.tgz#66e5ce1f76ed27b4303d8c6512e8d1216e8106bc"

lodash@^4.14.0:
  version "4.17.4"
  resolved "https://registry.yarnpkg.com/lodash/-/lodash-4.17.4.tgz#78203a4d1c328ae1d86dca6460e369b57f4055ae"

lowercase-keys@^1.0.0:
  version "1.0.0"
  resolved "https://registry.yarnpkg.com/lowercase-keys/-/lowercase-keys-1.0.0.tgz#4e3366b39e7f5457e35f1324bdf6f88d0bfc7306"

moment@^2.17.1:
  version "2.17.1"
  resolved "https://registry.yarnpkg.com/moment/-/moment-2.17.1.tgz#fed9506063f36b10f066c8b59a144d7faebe1d82"

mongodb-core@2.1.6:
  version "2.1.6"
  resolved "https://registry.yarnpkg.com/mongodb-core/-/mongodb-core-2.1.6.tgz#9d179e7487767c58993bb7c8d6685d035c346a42"
  dependencies:
    bson "~1.0.4"
    require_optional "~1.0.0"

mongodb@2.2.21:
  version "2.2.21"
  resolved "https://registry.yarnpkg.com/mongodb/-/mongodb-2.2.21.tgz#f7ee56489600e0ac8024c062c0857ac04ddb5f48"
  dependencies:
    es6-promise "3.2.1"
    mongodb-core "2.1.6"
    readable-stream "2.1.5"

mongoose@^4.7.7:
  version "4.7.7"
  resolved "https://registry.yarnpkg.com/mongoose/-/mongoose-4.7.7.tgz#45118baa56c0595c924e52288d23559f98a741de"
  dependencies:
    async "2.1.4"
    bson "~1.0.4"
    hooks-fixed "1.2.0"
    kareem "1.2.0"
    mongodb "2.2.21"
    mpath "0.2.1"
    mpromise "0.5.5"
    mquery "2.0.0"
    ms "0.7.2"
    muri "1.1.1"
    regexp-clone "0.0.1"
    sliced "1.0.1"

mpath@0.2.1:
  version "0.2.1"
  resolved "https://registry.yarnpkg.com/mpath/-/mpath-0.2.1.tgz#3a4e829359801de96309c27a6b2e102e89f9e96e"

mpromise@0.5.5:
  version "0.5.5"
  resolved "https://registry.yarnpkg.com/mpromise/-/mpromise-0.5.5.tgz#f5b24259d763acc2257b0a0c8c6d866fd51732e6"

mquery@2.0.0:
  version "2.0.0"
  resolved "https://registry.yarnpkg.com/mquery/-/mquery-2.0.0.tgz#b5abc850b90dffc3e10ae49b4b6e7a479752df22"
  dependencies:
    bluebird "2.10.2"
    debug "2.2.0"
    regexp-clone "0.0.1"
    sliced "0.0.5"

ms@0.7.1:
  version "0.7.1"
  resolved "https://registry.yarnpkg.com/ms/-/ms-0.7.1.tgz#9cd13c03adbff25b65effde7ce864ee952017098"

ms@0.7.2:
  version "0.7.2"
  resolved "https://registry.yarnpkg.com/ms/-/ms-0.7.2.tgz#ae25cf2512b3885a1d95d7f037868d8431124765"

muri@1.1.1:
  version "1.1.1"
  resolved "https://registry.yarnpkg.com/muri/-/muri-1.1.1.tgz#64bd904eaf8ff89600c994441fad3c5195905ac2"

prepend-http@^1.0.1:
  version "1.0.4"
  resolved "https://registry.yarnpkg.com/prepend-http/-/prepend-http-1.0.4.tgz#d4f4562b0ce3696e41ac52d0e002e57a635dc6dc"

process-nextick-args@~1.0.6:
  version "1.0.7"
  resolved "https://registry.yarnpkg.com/process-nextick-args/-/process-nextick-args-1.0.7.tgz#150e20b756590ad3f91093f25a4f2ad8bff30ba3"

readable-stream@2.1.5:
  version "2.1.5"
  resolved "https://registry.yarnpkg.com/readable-stream/-/readable-stream-2.1.5.tgz#66fa8b720e1438b364681f2ad1a63c618448c9d0"
  dependencies:
    buffer-shims "^1.0.0"
    core-util-is "~1.0.0"
    inherits "~2.0.1"
    isarray "~1.0.0"
    process-nextick-args "~1.0.6"
    string_decoder "~0.10.x"
    util-deprecate "~1.0.1"

regexp-clone@0.0.1:
  version "0.0.1"
  resolved "https://registry.yarnpkg.com/regexp-clone/-/regexp-clone-0.0.1.tgz#a7c2e09891fdbf38fbb10d376fb73003e68ac589"

require_optional@~1.0.0:
  version "1.0.0"
  resolved "https://registry.yarnpkg.com/require_optional/-/require_optional-1.0.0.tgz#52a86137a849728eb60a55533617f8f914f59abf"
  dependencies:
    resolve-from "^2.0.0"
    semver "^5.1.0"

resolve-from@^2.0.0:
  version "2.0.0"
  resolved "https://registry.yarnpkg.com/resolve-from/-/resolve-from-2.0.0.tgz#9480ab20e94ffa1d9e80a804c7ea147611966b57"

safe-buffer@^5.0.1:
  version "5.0.1"
  resolved "https://registry.yarnpkg.com/safe-buffer/-/safe-buffer-5.0.1.tgz#d263ca54696cd8a306b5ca6551e92de57918fbe7"

semver@^5.1.0:
  version "5.3.0"
  resolved "https://registry.yarnpkg.com/semver/-/semver-5.3.0.tgz#9b2ce5d3de02d17c6012ad326aa6b4d0cf54f94f"

sendgrid-rest@^2.3.0:
  version "2.3.0"
  resolved "https://registry.yarnpkg.com/sendgrid-rest/-/sendgrid-rest-2.3.0.tgz#662ef95a93c73c3e0a4e7a61e3880a10c78dd24a"

sendgrid@^4.7.1:
  version "4.7.1"
  resolved "https://registry.yarnpkg.com/sendgrid/-/sendgrid-4.7.1.tgz#38a6f1798dcdbb46361767ae4f5271104dcd232f"
  dependencies:
    async.ensureasync "^0.5.2"
    async.queue "^0.5.2"
    bottleneck "^1.12.0"
    debug "^2.2.0"
    lodash.chunk "^4.2.0"
    sendgrid-rest "^2.3.0"

sliced@0.0.5:
  version "0.0.5"
  resolved "http://registry.npmjs.org/sliced/-/sliced-0.0.5.tgz#5edc044ca4eb6f7816d50ba2fc63e25d8fe4707f"

sliced@1.0.1:
  version "1.0.1"
  resolved "http://registry.npmjs.org/sliced/-/sliced-1.0.1.tgz#0b3a662b5d04c3177b1926bea82b03f837a2ef41"

stack-trace@0.0.x:
  version "0.0.9"
  resolved "https://registry.yarnpkg.com/stack-trace/-/stack-trace-0.0.9.tgz#a8f6eaeca90674c333e7c43953f275b451510695"

string_decoder@~0.10.x:
  version "0.10.31"
  resolved "https://registry.yarnpkg.com/string_decoder/-/string_decoder-0.10.31.tgz#62e203bc41766c6c28c9fc84301dab1c5310fa94"

timed-out@^4.0.0:
  version "4.0.0"
  resolved "https://registry.yarnpkg.com/timed-out/-/timed-out-4.0.0.tgz#b0fb98d7fed4f36b028698122769c07ef87a8690"

unzip-response@^2.0.1:
  version "2.0.1"
  resolved "https://registry.yarnpkg.com/unzip-response/-/unzip-response-2.0.1.tgz#d2f0f737d16b0615e72a6935ed04214572d56f97"

url-parse-lax@^1.0.0:
  version "1.0.0"
  resolved "https://registry.yarnpkg.com/url-parse-lax/-/url-parse-lax-1.0.0.tgz#7af8f303645e9bd79a272e7a14ac68bc0609da73"
  dependencies:
    prepend-http "^1.0.1"

util-deprecate@~1.0.1:
  version "1.0.2"
  resolved "https://registry.yarnpkg.com/util-deprecate/-/util-deprecate-1.0.2.tgz#450d4dc9fa70de732762fbd2d4a28981419a0ccf"

winston@^2.3.0:
  version "2.3.0"
  resolved "https://registry.yarnpkg.com/winston/-/winston-2.3.0.tgz#207faaab6fccf3fe493743dd2b03dbafc7ceb78c"
  dependencies:
    async "~1.0.0"
    colors "1.0.x"
    cycle "1.0.x"
    eyes "0.1.x"
    isstream "0.1.x"
    stack-trace "0.0.x"

